
Microsoft Visual Studio Solution File, Format Version 12.00
Project("{FAE04EC0-301F-11D3-BF4B-00C04F79EFBC}") = "Web", "src\Web\Web.csproj", "{A8ED7E96-3FF7-43D6-B809-9699BB34F8F8}"
EndProject
Project("{FAE04EC0-301F-11D3-BF4B-00C04F79EFBC}") = "Application", "src\Application\Application.csproj", "{6C262B83-FF7A-47EA-9574-5E6C334A27AB}"
EndProject
Project("{FAE04EC0-301F-11D3-BF4B-00C04F79EFBC}") = "Infrastructure", "src\Infrastructure\Infrastructure.csproj", "{BDFFF09D-D0D3-4F41-8F74-0078A5694B5B}"
EndProject
Project("{FAE04EC0-301F-11D3-BF4B-00C04F79EFBC}") = "Domain", "src\Domain\Domain.csproj", "{5D9BE4AC-9A92-45F0-8C71-79CA358B8A54}"
EndProject
Global
	GlobalSection(SolutionConfigurationPlatforms) = preSolution
		Debug|Any CPU = Debug|Any CPU
		Release|Any CPU = Release|Any CPU
	EndGlobalSection
	GlobalSection(ProjectConfigurationPlatforms) = postSolution
		{A8ED7E96-3FF7-43D6-B809-9699BB34F8F8}.Debug|Any CPU.ActiveCfg = Debug|Any CPU
		{A8ED7E96-3FF7-43D6-B809-9699BB34F8F8}.Debug|Any CPU.Build.0 = Debug|Any CPU
		{A8ED7E96-3FF7-43D6-B809-9699BB34F8F8}.Release|Any CPU.ActiveCfg = Release|Any CPU
		{A8ED7E96-3FF7-43D6-B809-9699BB34F8F8}.Release|Any CPU.Build.0 = Release|Any CPU
		{6C262B83-FF7A-47EA-9574-5E6C334A27AB}.Debug|Any CPU.ActiveCfg = Debug|Any CPU
		{6C262B83-FF7A-47EA-9574-5E6C334A27AB}.Debug|Any CPU.Build.0 = Debug|Any CPU
		{6C262B83-FF7A-47EA-9574-5E6C334A27AB}.Release|Any CPU.ActiveCfg = Release|Any CPU
		{6C262B83-FF7A-47EA-9574-5E6C334A27AB}.Release|Any CPU.Build.0 = Release|Any CPU
		{BDFFF09D-D0D3-4F41-8F74-0078A5694B5B}.Debug|Any CPU.ActiveCfg = Debug|Any CPU
		{BDFFF09D-D0D3-4F41-8F74-0078A5694B5B}.Debug|Any CPU.Build.0 = Debug|Any CPU
		{BDFFF09D-D0D3-4F41-8F74-0078A5694B5B}.Release|Any CPU.ActiveCfg = Release|Any CPU
		{BDFFF09D-D0D3-4F41-8F74-0078A5694B5B}.Release|Any CPU.Build.0 = Release|Any CPU
		{5D9BE4AC-9A92-45F0-8C71-79CA358B8A54}.Debug|Any CPU.ActiveCfg = Debug|Any CPU
		{5D9BE4AC-9A92-45F0-8C71-79CA358B8A54}.Debug|Any CPU.Build.0 = Debug|Any CPU
		{5D9BE4AC-9A92-45F0-8C71-79CA358B8A54}.Release|Any CPU.ActiveCfg = Release|Any CPU
		{5D9BE4AC-9A92-45F0-8C71-79CA358B8A54}.Release|Any CPU.Build.0 = Release|Any CPU
	EndGlobalSection
EndGlobal
